// !$*UTF8*$!
{
	archiveVersion = 1;
	classes = {
	};
	objectVersion = 50;
	objects = {

/* Begin PBXBuildFile section */
		405793F6262B392B0011C0CF /* AppDelegate.swift in Sources */ = {isa = PBXBuildFile; fileRef = 405793F5262B392B0011C0CF /* AppDelegate.swift */; };
		405793F8262B392B0011C0CF /* SceneDelegate.swift in Sources */ = {isa = PBXBuildFile; fileRef = 405793F7262B392B0011C0CF /* SceneDelegate.swift */; };
		405793FA262B392B0011C0CF /* ViewController.swift in Sources */ = {isa = PBXBuildFile; fileRef = 405793F9262B392B0011C0CF /* ViewController.swift */; };
		405793FD262B392B0011C0CF /* Main.storyboard in Resources */ = {isa = PBXBuildFile; fileRef = 405793FB262B392B0011C0CF /* Main.storyboard */; };
		405793FF262B392D0011C0CF /* Assets.xcassets in Resources */ = {isa = PBXBuildFile; fileRef = 405793FE262B392D0011C0CF /* Assets.xcassets */; };
		40579402262B392D0011C0CF /* LaunchScreen.storyboard in Resources */ = {isa = PBXBuildFile; fileRef = 40579400262B392D0011C0CF /* LaunchScreen.storyboard */; };
		4057940B262B39A40011C0CF /* SocialTableViewCell.swift in Sources */ = {isa = PBXBuildFile; fileRef = 4057940A262B39A30011C0CF /* SocialTableViewCell.swift */; };
/* End PBXBuildFile section */

/* Begin PBXFileReference section */
		405793F2262B392B0011C0CF /* AutoLayout_SocialCell.app */ = {isa = PBXFileReference; explicitFileType = wrapper.application; includeInIndex = 0; path = AutoLayout_SocialCell.app; sourceTree = BUILT_PRODUCTS_DIR; };
		405793F5262B392B0011C0CF /* AppDelegate.swift */ = {isa = PBXFileReference; lastKnownFileType = sourcecode.swift; path = AppDelegate.swift; sourceTree = "<group>"; };
		405793F7262B392B0011C0CF /* SceneDelegate.swift */ = {isa = PBXFileReference; lastKnownFileType = sourcecode.swift; path = SceneDelegate.swift; sourceTree = "<group>"; };
		405793F9262B392B0011C0CF /* ViewController.swift */ = {isa = PBXFileReference; lastKnownFileType = sourcecode.swift; path = ViewController.swift; sourceTree = "<group>"; };
		405793FC262B392B0011C0CF /* Base */ = {isa = PBXFileReference; lastKnownFileType = file.storyboard; name = Base; path = Base.lproj/Main.storyboard; sourceTree = "<group>"; };
		405793FE262B392D0011C0CF /* Assets.xcassets */ = {isa = PBXFileReference; lastKnownFileType = folder.assetcatalog; path = Assets.xcassets; sourceTree = "<group>"; };
		40579401262B392D0011C0CF /* Base */ = {isa = PBXFileReference; lastKnownFileType = file.storyboard; name = Base; path = Base.lproj/LaunchScreen.storyboard; sourceTree = "<group>"; };
		40579403262B392D0011C0CF /* Info.plist */ = {isa = PBXFileReference; lastKnownFileType = text.plist.xml; path = Info.plist; sourceTree = "<group>"; };
		4057940A262B39A30011C0CF /* SocialTableViewCell.swift */ = {isa = PBXFileReference; lastKnownFileType = sourcecode.swift; path = SocialTableViewCell.swift; sourceTree = "<group>"; };
/* End PBXFileReference section */

/* Begin PBXFrameworksBuildPhase section */
		405793EF262B392B0011C0CF /* Frameworks */ = {
			isa = PBXFrameworksBuildPhase;
			buildActionMask = 2147483647;
			files = (
			);
			runOnlyForDeploymentPostprocessing = 0;
		};
/* End PBXFrameworksBuildPhase section */

/* Begin PBXGroup section */
		405793E9262B392B0011C0CF = {
			isa = PBXGroup;
			children = (
				405793F4262B392B0011C0CF /* AutoLayout_SocialCell */,
				405793F3262B392B0011C0CF /* Products */,
			);
			sourceTree = "<group>";
		};
		405793F3262B392B0011C0CF /* Products */ = {
			isa = PBXGroup;
			children = (
				405793F2262B392B0011C0CF /* AutoLayout_SocialCell.app */,
			);
			name = Products;
			sourceTree = "<group>";
		};
		405793F4262B392B0011C0CF /* AutoLayout_SocialCell */ = {
			isa = PBXGroup;
			children = (
				405793F5262B392B0011C0CF /* AppDelegate.swift */,
				405793F7262B392B0011C0CF /* SceneDelegate.swift */,
				405793F9262B392B0011C0CF /* ViewController.swift */,
				405793FB262B392B0011C0CF /* Main.storyboard */,
				405793FE262B392D0011C0CF /* Assets.xcassets */,
				4057940A262B39A30011C0CF /* SocialTableViewCell.swift */,
				40579400262B392D0011C0CF /* LaunchScreen.storyboard */,
				40579403262B392D0011C0CF /* Info.plist */,
			);
			path = AutoLayout_SocialCell;
			sourceTree = "<group>";
		};
/* End PBXGroup section */

/* Begin PBXNativeTarget section */
		405793F1262B392B0011C0CF /* AutoLayout_SocialCell */ = {
			isa = PBXNativeTarget;
			buildConfigurationList = 40579406262B392D0011C0CF /* Build configuration list for PBXNativeTarget "AutoLayout_SocialCell" */;
			buildPhases = (
				405793EE262B392B0011C0CF /* Sources */,
				405793EF262B392B0011C0CF /* Frameworks */,
				405793F0262B392B0011C0CF /* Resources */,
			);
			buildRules = (
			);
			dependencies = (
			);
			name = AutoLayout_SocialCell;
			productName = AutoLayout_SocialCell;
			productReference = 405793F2262B392B0011C0CF /* AutoLayout_SocialCell.app */;
			productType = "com.apple.product-type.application";
		};
/* End PBXNativeTarget section */

/* Begin PBXProject section */
		405793EA262B392B0011C0CF /* Project object */ = {
			isa = PBXProject;
			attributes = {
				LastSwiftUpdateCheck = 1240;
				LastUpgradeCheck = 1240;
				TargetAttributes = {
					405793F1262B392B0011C0CF = {
						CreatedOnToolsVersion = 12.4;
					};
				};
			};
			buildConfigurationList = 405793ED262B392B0011C0CF /* Build configuration list for PBXProject "AutoLayout_SocialCell" */;
			compatibilityVersion = "Xcode 9.3";
			developmentRegion = en;
			hasScannedForEncodings = 0;
			knownRegions = (
				en,
				Base,
			);
			mainGroup = 405793E9262B392B0011C0CF;
			productRefGroup = 405793F3262B392B0011C0CF /* Products */;
			projectDirPath = "";
			projectRoot = "";
			targets = (
				405793F1262B392B0011C0CF /* AutoLayout_SocialCell */,
			);
		};
/* End PBXProject section */

/* Begin PBXResourcesBuildPhase section */
		405793F0262B392B0011C0CF /* Resources */ = {
			isa = PBXResourcesBuildPhase;
			buildActionMask = 2147483647;
			files = (
				40579402262B392D0011C0CF /* LaunchScreen.storyboard in Resources */,
				405793FF262B392D0011C0CF /* Assets.xcassets in Resources */,
				405793FD262B392B0011C0CF /* Main.storyboard in Resources */,
			);
			runOnlyForDeploymentPostprocessing = 0;
		};
/* End PBXResourcesBuildPhase section */

/* Begin PBXSourcesBuildPhase section */
		405793EE262B392B0011C0CF /* Sources */ = {
			isa = PBXSourcesBuildPhase;
			buildActionMask = 2147483647;
			files = (
				405793FA262B392B0011C0CF /* ViewController.swift in Sources */,
				405793F6262B392B0011C0CF /* AppDelegate.swift in Sources */,
				4057940B262B39A40011C0CF /* SocialTableViewCell.swift in Sources */,
				405793F8262B392B0011C0CF /* SceneDelegate.swift in Sources */,
			);
			runOnlyForDeploymentPostprocessing = 0;
		};
/* End PBXSourcesBuildPhase section */

/* Begin PBXVariantGroup section */
		405793FB262B392B0011C0CF /* Main.storyboard */ = {
			isa = PBXVariantGroup;
			children = (
				405793FC262B392B0011C0CF /* Base */,
			);
			name = Main.storyboard;
			sourceTree = "<group>";
		};
		40579400262B392D0011C0CF /* LaunchScreen.storyboard */ = {
			isa = PBXVariantGroup;
			children = (
				40579401262B392D0011C0CF /* Base */,
			);
			name = LaunchScreen.storyboard;
			sourceTree = "<group>";
		};
/* End PBXVariantGroup section */

/* Begin XCBuildConfiguration section */
		40579404262B392D0011C0CF /* Debug */ = {
			isa = XCBuildConfiguration;
			buildSettings = {
				ALWAYS_SEARCH_USER_PATHS = NO;
				CLANG_ANALYZER_NONNULL = YES;
				CLANG_ANALYZER_NUMBER_OBJECT_CONVERSION = YES_AGGRESSIVE;
				CLANG_CXX_LANGUAGE_STANDARD = "gnu++14";
				CLANG_CXX_LIBRARY = "libc++";
				CLANG_ENABLE_MODULES = YES;
				CLANG_ENABLE_OBJC_ARC = YES;
				CLANG_ENABLE_OBJC_WEAK = YES;
				CLANG_WARN_BLOCK_CAPTURE_AUTORELEASING = YES;
				CLANG_WARN_BOOL_CONVERSION = YES;
				CLANG_WARN_COMMA = YES;
				CLANG_WARN_CONSTANT_CONVERSION = YES;
				CLANG_WARN_DEPRECATED_OBJC_IMPLEMENTATIONS = YES;
				CLANG_WARN_DIRECT_OBJC_ISA_USAGE = YES_ERROR;
				CLANG_WARN_DOCUMENTATION_COMMENTS = YES;
				CLANG_WARN_EMPTY_BODY = YES;
				CLANG_WARN_ENUM_CONVERSION = YES;
				CLANG_WARN_INFINITE_RECURSION = YES;
				CLANG_WARN_INT_CONVERSION = YES;
				CLANG_WARN_NON_LITERAL_NULL_CONVERSION = YES;
				CLANG_WARN_OBJC_IMPLICIT_RETAIN_SELF = YES;
				CLANG_WARN_OBJC_LITERAL_CONVERSION = YES;
				CLANG_WARN_OBJC_ROOT_CLASS = YES_ERROR;
				CLANG_WARN_QUOTED_INCLUDE_IN_FRAMEWORK_HEADER = YES;
				CLANG_WARN_RANGE_LOOP_ANALYSIS = YES;
				CLANG_WARN_STRICT_PROTOTYPES = YES;
				CLANG_WARN_SUSPICIOUS_MOVE = YES;
				CLANG_WARN_UNGUARDED_AVAILABILITY = YES_AGGRESSIVE;
				CLANG_WARN_UNREACHABLE_CODE = YES;
				CLANG_WARN__DUPLICATE_METHOD_MATCH = YES;
				COPY_PHASE_STRIP = NO;
				DEBUG_INFORMATION_FORMAT = dwarf;
				ENABLE_STRICT_OBJC_MSGSEND = YES;
				ENABLE_TESTABILITY = YES;
				GCC_C_LANGUAGE_STANDARD = gnu11;
				GCC_DYNAMIC_NO_PIC = NO;
				GCC_NO_COMMON_BLOCKS = YES;
				GCC_OPTIMIZATION_LEVEL = 0;
				GCC_PREPROCESSOR_DEFINITIONS = (
					"DEBUG=1",
					"$(inherited)",
				);
				GCC_WARN_64_TO_32_BIT_CONVERSION = YES;
				GCC_WARN_ABOUT_RETURN_TYPE = YES_ERROR;
				GCC_WARN_UNDECLARED_SELECTOR = YES;
				GCC_WARN_UNINITIALIZED_AUTOS = YES_AGGRESSIVE;
				GCC_WARN_UNUSED_FUNCTION = YES;
				GCC_WARN_UNUSED_VARIABLE = YES;
				IPHONEOS_DEPLOYMENT_TARGET = 14.4;
				MTL_ENABLE_DEBUG_INFO = INCLUDE_SOURCE;
				MTL_FAST_MATH = YES;
				ONLY_ACTIVE_ARCH = YES;
				SDKROOT = iphoneos;
				SWIFT_ACTIVE_COMPILATION_CONDITIONS = DEBUG;
				SWIFT_OPTIMIZATION_LEVEL = "-Onone";
			};
			name = Debug;
		};
		40579405262B392D0011C0CF /* Release */ = {
			isa = XCBuildConfiguration;
			buildSettings = {
				ALWAYS_SEARCH_USER_PATHS = NO;
				CLANG_ANALYZER_NONNULL = YES;
				CLANG_ANALYZER_NUMBER_OBJECT_CONVERSION = YES_AGGRESSIVE;
				CLANG_CXX_LANGUAGE_STANDARD = "gnu++14";
				CLANG_CXX_LIBRARY = "libc++";
				CLANG_ENABLE_MODULES = YES;
				CLANG_ENABLE_OBJC_ARC = YES;
				CLANG_ENABLE_OBJC_WEAK = YES;
				CLANG_WARN_BLOCK_CAPTURE_AUTORELEASING = YES;
				CLANG_WARN_BOOL_CONVERSION = YES;
				CLANG_WARN_COMMA = YES;
				CLANG_WARN_CONSTANT_CONVERSION = YES;
				CLANG_WARN_DEPRECATED_OBJC_IMPLEMENTATIONS = YES;
				CLANG_WARN_DIRECT_OBJC_ISA_USAGE = YES_ERROR;
				CLANG_WARN_DOCUMENTATION_COMMENTS = YES;
				CLANG_WARN_EMPTY_BODY = YES;
				CLANG_WARN_ENUM_CONVERSION = YES;
				CLANG_WARN_INFINITE_RECURSION = YES;
				CLANG_WARN_INT_CONVERSION = YES;
				CLANG_WARN_NON_LITERAL_NULL_CONVERSION = YES;
				CLANG_WARN_OBJC_IMPLICIT_RETAIN_SELF = YES;
				CLANG_WARN_OBJC_LITERAL_CONVERSION = YES;
				CLANG_WARN_OBJC_ROOT_CLASS = YES_ERROR;
				CLANG_WARN_QUOTED_INCLUDE_IN_FRAMEWORK_HEADER = YES;
				CLANG_WARN_RANGE_LOOP_ANALYSIS = YES;
				CLANG_WARN_STRICT_PROTOTYPES = YES;
				CLANG_WARN_SUSPICIOUS_MOVE = YES;
				CLANG_WARN_UNGUARDED_AVAILABILITY = YES_AGGRESSIVE;
				CLANG_WARN_UNREACHABLE_CODE = YES;
				CLANG_WARN__DUPLICATE_METHOD_MATCH = YES;
				COPY_PHASE_STRIP = NO;
				DEBUG_INFORMATION_FORMAT = "dwarf-with-dsym";
				ENABLE_NS_ASSERTIONS = NO;
				ENABLE_STRICT_OBJC_MSGSEND = YES;
				GCC_C_LANGUAGE_STANDARD = gnu11;
				GCC_NO_COMMON_BLOCKS = YES;
				GCC_WARN_64_TO_32_BIT_CONVERSION = YES;
				GCC_WARN_ABOUT_RETURN_TYPE = YES_ERROR;
				GCC_WARN_UNDECLARED_SELECTOR = YES;
				GCC_WARN_UNINITIALIZED_AUTOS = YES_AGGRESSIVE;
				GCC_WARN_UNUSED_FUNCTION = YES;
				GCC_WARN_UNUSED_VARIABLE = YES;
				IPHONEOS_DEPLOYMENT_TARGET = 14.4;
				MTL_ENABLE_DEBUG_INFO = NO;
				MTL_FAST_MATH = YES;
				SDKROOT = iphoneos;
				SWIFT_COMPILATION_MODE = wholemodule;
				SWIFT_OPTIMIZATION_LEVEL = "-O";
				VALIDATE_PRODUCT = YES;
			};
			name = Release;
		};
		40579407262B392D0011C0CF /* Debug */ = {
			isa = XCBuildConfiguration;
			buildSettings = {
				ASSETCATALOG_COMPILER_APPICON_NAME = AppIcon;
				ASSETCATALOG_COMPILER_GLOBAL_ACCENT_COLOR_NAME = AccentColor;
				CODE_SIGN_STYLE = Automatic;
				DEVELOPMENT_TEAM = YJQB6Z2VPH;
				INFOPLIST_FILE = AutoLayout_SocialCell/Info.plist;
				LD_RUNPATH_SEARCH_PATHS = (
					"$(inherited)",
					"@executable_path/Frameworks",
				);
				PRODUCT_BUNDLE_IDENTIFIER = "com.sweethoneybee.AutoLayout-SocialCell";
				PRODUCT_NAME = "$(TARGET_NAME)";
				SWIFT_VERSION = 5.0;
				TARGETED_DEVICE_FAMILY = "1,2";
			};
			name = Debug;
		};
		40579408262B392D0011C0CF /* Release */ = {
			isa = XCBuildConfiguration;
			buildSettings = {
				ASSETCATALOG_COMPILER_APPICON_NAME = AppIcon;
				ASSETCATALOG_COMPILER_GLOBAL_ACCENT_COLOR_NAME = AccentColor;
				CODE_SIGN_STYLE = Automatic;
				DEVELOPMENT_TEAM = YJQB6Z2VPH;
				INFOPLIST_FILE = AutoLayout_SocialCell/Info.plist;
				LD_RUNPATH_SEARCH_PATHS = (
					"$(inherited)",
					"@executable_path/Frameworks",
				);
				PRODUCT_BUNDLE_IDENTIFIER = "com.sweethoneybee.AutoLayout-SocialCell";
				PRODUCT_NAME = "$(TARGET_NAME)";
				SWIFT_VERSION = 5.0;
				TARGETED_DEVICE_FAMILY = "1,2";
			};
			name = Release;
		};
/* End XCBuildConfiguration section */

/* Begin XCConfigurationList section */
		405793ED262B392B0011C0CF /* Build configuration list for PBXProject "AutoLayout_SocialCell" */ = {
			isa = XCConfigurationList;
			buildConfigurations = (
				40579404262B392D0011C0CF /* Debug */,
				40579405262B392D0011C0CF /* Release */,
			);
			defaultConfigurationIsVisible = 0;
			defaultConfigurationName = Release;
		};
		40579406262B392D0011C0CF /* Build configuration list for PBXNativeTarget "AutoLayout_SocialCell" */ = {
			isa = XCConfigurationList;
			buildConfigurations = (
				40579407262B392D0011C0CF /* Debug */,
				40579408262B392D0011C0CF /* Release */,
			);
			defaultConfigurationIsVisible = 0;
			defaultConfigurationName = Release;
		};
/* End XCConfigurationList section */
	};
	rootObject = 405793EA262B392B0011C0CF /* Project object */;
}
