// !$*UTF8*$!
{
	archiveVersion = 1;
	classes = {
	};
	objectVersion = 50;
	objects = {

/* Begin PBXBuildFile section */
		405FB453261F2E080021E86D /* AppDelegate.swift in Sources */ = {isa = PBXBuildFile; fileRef = 405FB452261F2E080021E86D /* AppDelegate.swift */; };
		405FB455261F2E080021E86D /* SceneDelegate.swift in Sources */ = {isa = PBXBuildFile; fileRef = 405FB454261F2E080021E86D /* SceneDelegate.swift */; };
		405FB457261F2E080021E86D /* ViewController.swift in Sources */ = {isa = PBXBuildFile; fileRef = 405FB456261F2E080021E86D /* ViewController.swift */; };
		405FB45A261F2E080021E86D /* Main.storyboard in Resources */ = {isa = PBXBuildFile; fileRef = 405FB458261F2E080021E86D /* Main.storyboard */; };
		405FB45C261F2E0A0021E86D /* Assets.xcassets in Resources */ = {isa = PBXBuildFile; fileRef = 405FB45B261F2E0A0021E86D /* Assets.xcassets */; };
		405FB45F261F2E0A0021E86D /* LaunchScreen.storyboard in Resources */ = {isa = PBXBuildFile; fileRef = 405FB45D261F2E0A0021E86D /* LaunchScreen.storyboard */; };
		405FB468261F2E6F0021E86D /* AnchorViewController.swift in Sources */ = {isa = PBXBuildFile; fileRef = 405FB467261F2E6F0021E86D /* AnchorViewController.swift */; };
		405FB46B261F31E20021E86D /* ConstraintViewController.swift in Sources */ = {isa = PBXBuildFile; fileRef = 405FB46A261F31E20021E86D /* ConstraintViewController.swift */; };
/* End PBXBuildFile section */

/* Begin PBXFileReference section */
		405FB44F261F2E080021E86D /* AutoLayout_Code.app */ = {isa = PBXFileReference; explicitFileType = wrapper.application; includeInIndex = 0; path = AutoLayout_Code.app; sourceTree = BUILT_PRODUCTS_DIR; };
		405FB452261F2E080021E86D /* AppDelegate.swift */ = {isa = PBXFileReference; lastKnownFileType = sourcecode.swift; path = AppDelegate.swift; sourceTree = "<group>"; };
		405FB454261F2E080021E86D /* SceneDelegate.swift */ = {isa = PBXFileReference; lastKnownFileType = sourcecode.swift; path = SceneDelegate.swift; sourceTree = "<group>"; };
		405FB456261F2E080021E86D /* ViewController.swift */ = {isa = PBXFileReference; lastKnownFileType = sourcecode.swift; path = ViewController.swift; sourceTree = "<group>"; };
		405FB459261F2E080021E86D /* Base */ = {isa = PBXFileReference; lastKnownFileType = file.storyboard; name = Base; path = Base.lproj/Main.storyboard; sourceTree = "<group>"; };
		405FB45B261F2E0A0021E86D /* Assets.xcassets */ = {isa = PBXFileReference; lastKnownFileType = folder.assetcatalog; path = Assets.xcassets; sourceTree = "<group>"; };
		405FB45E261F2E0A0021E86D /* Base */ = {isa = PBXFileReference; lastKnownFileType = file.storyboard; name = Base; path = Base.lproj/LaunchScreen.storyboard; sourceTree = "<group>"; };
		405FB460261F2E0A0021E86D /* Info.plist */ = {isa = PBXFileReference; lastKnownFileType = text.plist.xml; path = Info.plist; sourceTree = "<group>"; };
		405FB467261F2E6F0021E86D /* AnchorViewController.swift */ = {isa = PBXFileReference; lastKnownFileType = sourcecode.swift; path = AnchorViewController.swift; sourceTree = "<group>"; };
		405FB46A261F31E20021E86D /* ConstraintViewController.swift */ = {isa = PBXFileReference; lastKnownFileType = sourcecode.swift; path = ConstraintViewController.swift; sourceTree = "<group>"; };
/* End PBXFileReference section */

/* Begin PBXFrameworksBuildPhase section */
		405FB44C261F2E080021E86D /* Frameworks */ = {
			isa = PBXFrameworksBuildPhase;
			buildActionMask = 2147483647;
			files = (
			);
			runOnlyForDeploymentPostprocessing = 0;
		};
/* End PBXFrameworksBuildPhase section */

/* Begin PBXGroup section */
		405FB446261F2E080021E86D = {
			isa = PBXGroup;
			children = (
				405FB451261F2E080021E86D /* AutoLayout_Code */,
				405FB450261F2E080021E86D /* Products */,
			);
			sourceTree = "<group>";
		};
		405FB450261F2E080021E86D /* Products */ = {
			isa = PBXGroup;
			children = (
				405FB44F261F2E080021E86D /* AutoLayout_Code.app */,
			);
			name = Products;
			sourceTree = "<group>";
		};
		405FB451261F2E080021E86D /* AutoLayout_Code */ = {
			isa = PBXGroup;
			children = (
				405FB452261F2E080021E86D /* AppDelegate.swift */,
				405FB454261F2E080021E86D /* SceneDelegate.swift */,
				405FB456261F2E080021E86D /* ViewController.swift */,
				405FB458261F2E080021E86D /* Main.storyboard */,
				405FB467261F2E6F0021E86D /* AnchorViewController.swift */,
				405FB46A261F31E20021E86D /* ConstraintViewController.swift */,
				405FB45B261F2E0A0021E86D /* Assets.xcassets */,
				405FB45D261F2E0A0021E86D /* LaunchScreen.storyboard */,
				405FB460261F2E0A0021E86D /* Info.plist */,
			);
			path = AutoLayout_Code;
			sourceTree = "<group>";
		};
/* End PBXGroup section */

/* Begin PBXNativeTarget section */
		405FB44E261F2E080021E86D /* AutoLayout_Code */ = {
			isa = PBXNativeTarget;
			buildConfigurationList = 405FB463261F2E0A0021E86D /* Build configuration list for PBXNativeTarget "AutoLayout_Code" */;
			buildPhases = (
				405FB44B261F2E080021E86D /* Sources */,
				405FB44C261F2E080021E86D /* Frameworks */,
				405FB44D261F2E080021E86D /* Resources */,
			);
			buildRules = (
			);
			dependencies = (
			);
			name = AutoLayout_Code;
			productName = AutoLayout_Code;
			productReference = 405FB44F261F2E080021E86D /* AutoLayout_Code.app */;
			productType = "com.apple.product-type.application";
		};
/* End PBXNativeTarget section */

/* Begin PBXProject section */
		405FB447261F2E080021E86D /* Project object */ = {
			isa = PBXProject;
			attributes = {
				LastSwiftUpdateCheck = 1240;
				LastUpgradeCheck = 1240;
				TargetAttributes = {
					405FB44E261F2E080021E86D = {
						CreatedOnToolsVersion = 12.4;
					};
				};
			};
			buildConfigurationList = 405FB44A261F2E080021E86D /* Build configuration list for PBXProject "AutoLayout_Code" */;
			compatibilityVersion = "Xcode 9.3";
			developmentRegion = en;
			hasScannedForEncodings = 0;
			knownRegions = (
				en,
				Base,
			);
			mainGroup = 405FB446261F2E080021E86D;
			productRefGroup = 405FB450261F2E080021E86D /* Products */;
			projectDirPath = "";
			projectRoot = "";
			targets = (
				405FB44E261F2E080021E86D /* AutoLayout_Code */,
			);
		};
/* End PBXProject section */

/* Begin PBXResourcesBuildPhase section */
		405FB44D261F2E080021E86D /* Resources */ = {
			isa = PBXResourcesBuildPhase;
			buildActionMask = 2147483647;
			files = (
				405FB45F261F2E0A0021E86D /* LaunchScreen.storyboard in Resources */,
				405FB45C261F2E0A0021E86D /* Assets.xcassets in Resources */,
				405FB45A261F2E080021E86D /* Main.storyboard in Resources */,
			);
			runOnlyForDeploymentPostprocessing = 0;
		};
/* End PBXResourcesBuildPhase section */

/* Begin PBXSourcesBuildPhase section */
		405FB44B261F2E080021E86D /* Sources */ = {
			isa = PBXSourcesBuildPhase;
			buildActionMask = 2147483647;
			files = (
				405FB457261F2E080021E86D /* ViewController.swift in Sources */,
				405FB453261F2E080021E86D /* AppDelegate.swift in Sources */,
				405FB455261F2E080021E86D /* SceneDelegate.swift in Sources */,
				405FB46B261F31E20021E86D /* ConstraintViewController.swift in Sources */,
				405FB468261F2E6F0021E86D /* AnchorViewController.swift in Sources */,
			);
			runOnlyForDeploymentPostprocessing = 0;
		};
/* End PBXSourcesBuildPhase section */

/* Begin PBXVariantGroup section */
		405FB458261F2E080021E86D /* Main.storyboard */ = {
			isa = PBXVariantGroup;
			children = (
				405FB459261F2E080021E86D /* Base */,
			);
			name = Main.storyboard;
			sourceTree = "<group>";
		};
		405FB45D261F2E0A0021E86D /* LaunchScreen.storyboard */ = {
			isa = PBXVariantGroup;
			children = (
				405FB45E261F2E0A0021E86D /* Base */,
			);
			name = LaunchScreen.storyboard;
			sourceTree = "<group>";
		};
/* End PBXVariantGroup section */

/* Begin XCBuildConfiguration section */
		405FB461261F2E0A0021E86D /* Debug */ = {
			isa = XCBuildConfiguration;
			buildSettings = {
				ALWAYS_SEARCH_USER_PATHS = NO;
				CLANG_ANALYZER_NONNULL = YES;
				CLANG_ANALYZER_NUMBER_OBJECT_CONVERSION = YES_AGGRESSIVE;
				CLANG_CXX_LANGUAGE_STANDARD = "gnu++14";
				CLANG_CXX_LIBRARY = "libc++";
				CLANG_ENABLE_MODULES = YES;
				CLANG_ENABLE_OBJC_ARC = YES;
				CLANG_ENABLE_OBJC_WEAK = YES;
				CLANG_WARN_BLOCK_CAPTURE_AUTORELEASING = YES;
				CLANG_WARN_BOOL_CONVERSION = YES;
				CLANG_WARN_COMMA = YES;
				CLANG_WARN_CONSTANT_CONVERSION = YES;
				CLANG_WARN_DEPRECATED_OBJC_IMPLEMENTATIONS = YES;
				CLANG_WARN_DIRECT_OBJC_ISA_USAGE = YES_ERROR;
				CLANG_WARN_DOCUMENTATION_COMMENTS = YES;
				CLANG_WARN_EMPTY_BODY = YES;
				CLANG_WARN_ENUM_CONVERSION = YES;
				CLANG_WARN_INFINITE_RECURSION = YES;
				CLANG_WARN_INT_CONVERSION = YES;
				CLANG_WARN_NON_LITERAL_NULL_CONVERSION = YES;
				CLANG_WARN_OBJC_IMPLICIT_RETAIN_SELF = YES;
				CLANG_WARN_OBJC_LITERAL_CONVERSION = YES;
				CLANG_WARN_OBJC_ROOT_CLASS = YES_ERROR;
				CLANG_WARN_QUOTED_INCLUDE_IN_FRAMEWORK_HEADER = YES;
				CLANG_WARN_RANGE_LOOP_ANALYSIS = YES;
				CLANG_WARN_STRICT_PROTOTYPES = YES;
				CLANG_WARN_SUSPICIOUS_MOVE = YES;
				CLANG_WARN_UNGUARDED_AVAILABILITY = YES_AGGRESSIVE;
				CLANG_WARN_UNREACHABLE_CODE = YES;
				CLANG_WARN__DUPLICATE_METHOD_MATCH = YES;
				COPY_PHASE_STRIP = NO;
				DEBUG_INFORMATION_FORMAT = dwarf;
				ENABLE_STRICT_OBJC_MSGSEND = YES;
				ENABLE_TESTABILITY = YES;
				GCC_C_LANGUAGE_STANDARD = gnu11;
				GCC_DYNAMIC_NO_PIC = NO;
				GCC_NO_COMMON_BLOCKS = YES;
				GCC_OPTIMIZATION_LEVEL = 0;
				GCC_PREPROCESSOR_DEFINITIONS = (
					"DEBUG=1",
					"$(inherited)",
				);
				GCC_WARN_64_TO_32_BIT_CONVERSION = YES;
				GCC_WARN_ABOUT_RETURN_TYPE = YES_ERROR;
				GCC_WARN_UNDECLARED_SELECTOR = YES;
				GCC_WARN_UNINITIALIZED_AUTOS = YES_AGGRESSIVE;
				GCC_WARN_UNUSED_FUNCTION = YES;
				GCC_WARN_UNUSED_VARIABLE = YES;
				IPHONEOS_DEPLOYMENT_TARGET = 14.4;
				MTL_ENABLE_DEBUG_INFO = INCLUDE_SOURCE;
				MTL_FAST_MATH = YES;
				ONLY_ACTIVE_ARCH = YES;
				SDKROOT = iphoneos;
				SWIFT_ACTIVE_COMPILATION_CONDITIONS = DEBUG;
				SWIFT_OPTIMIZATION_LEVEL = "-Onone";
			};
			name = Debug;
		};
		405FB462261F2E0A0021E86D /* Release */ = {
			isa = XCBuildConfiguration;
			buildSettings = {
				ALWAYS_SEARCH_USER_PATHS = NO;
				CLANG_ANALYZER_NONNULL = YES;
				CLANG_ANALYZER_NUMBER_OBJECT_CONVERSION = YES_AGGRESSIVE;
				CLANG_CXX_LANGUAGE_STANDARD = "gnu++14";
				CLANG_CXX_LIBRARY = "libc++";
				CLANG_ENABLE_MODULES = YES;
				CLANG_ENABLE_OBJC_ARC = YES;
				CLANG_ENABLE_OBJC_WEAK = YES;
				CLANG_WARN_BLOCK_CAPTURE_AUTORELEASING = YES;
				CLANG_WARN_BOOL_CONVERSION = YES;
				CLANG_WARN_COMMA = YES;
				CLANG_WARN_CONSTANT_CONVERSION = YES;
				CLANG_WARN_DEPRECATED_OBJC_IMPLEMENTATIONS = YES;
				CLANG_WARN_DIRECT_OBJC_ISA_USAGE = YES_ERROR;
				CLANG_WARN_DOCUMENTATION_COMMENTS = YES;
				CLANG_WARN_EMPTY_BODY = YES;
				CLANG_WARN_ENUM_CONVERSION = YES;
				CLANG_WARN_INFINITE_RECURSION = YES;
				CLANG_WARN_INT_CONVERSION = YES;
				CLANG_WARN_NON_LITERAL_NULL_CONVERSION = YES;
				CLANG_WARN_OBJC_IMPLICIT_RETAIN_SELF = YES;
				CLANG_WARN_OBJC_LITERAL_CONVERSION = YES;
				CLANG_WARN_OBJC_ROOT_CLASS = YES_ERROR;
				CLANG_WARN_QUOTED_INCLUDE_IN_FRAMEWORK_HEADER = YES;
				CLANG_WARN_RANGE_LOOP_ANALYSIS = YES;
				CLANG_WARN_STRICT_PROTOTYPES = YES;
				CLANG_WARN_SUSPICIOUS_MOVE = YES;
				CLANG_WARN_UNGUARDED_AVAILABILITY = YES_AGGRESSIVE;
				CLANG_WARN_UNREACHABLE_CODE = YES;
				CLANG_WARN__DUPLICATE_METHOD_MATCH = YES;
				COPY_PHASE_STRIP = NO;
				DEBUG_INFORMATION_FORMAT = "dwarf-with-dsym";
				ENABLE_NS_ASSERTIONS = NO;
				ENABLE_STRICT_OBJC_MSGSEND = YES;
				GCC_C_LANGUAGE_STANDARD = gnu11;
				GCC_NO_COMMON_BLOCKS = YES;
				GCC_WARN_64_TO_32_BIT_CONVERSION = YES;
				GCC_WARN_ABOUT_RETURN_TYPE = YES_ERROR;
				GCC_WARN_UNDECLARED_SELECTOR = YES;
				GCC_WARN_UNINITIALIZED_AUTOS = YES_AGGRESSIVE;
				GCC_WARN_UNUSED_FUNCTION = YES;
				GCC_WARN_UNUSED_VARIABLE = YES;
				IPHONEOS_DEPLOYMENT_TARGET = 14.4;
				MTL_ENABLE_DEBUG_INFO = NO;
				MTL_FAST_MATH = YES;
				SDKROOT = iphoneos;
				SWIFT_COMPILATION_MODE = wholemodule;
				SWIFT_OPTIMIZATION_LEVEL = "-O";
				VALIDATE_PRODUCT = YES;
			};
			name = Release;
		};
		405FB464261F2E0A0021E86D /* Debug */ = {
			isa = XCBuildConfiguration;
			buildSettings = {
				ASSETCATALOG_COMPILER_APPICON_NAME = AppIcon;
				ASSETCATALOG_COMPILER_GLOBAL_ACCENT_COLOR_NAME = AccentColor;
				CODE_SIGN_STYLE = Automatic;
				DEVELOPMENT_TEAM = YJQB6Z2VPH;
				INFOPLIST_FILE = AutoLayout_Code/Info.plist;
				LD_RUNPATH_SEARCH_PATHS = (
					"$(inherited)",
					"@executable_path/Frameworks",
				);
				PRODUCT_BUNDLE_IDENTIFIER = "com.sweethoneybee.AutoLayout-Code";
				PRODUCT_NAME = "$(TARGET_NAME)";
				SWIFT_VERSION = 5.0;
				TARGETED_DEVICE_FAMILY = "1,2";
			};
			name = Debug;
		};
		405FB465261F2E0A0021E86D /* Release */ = {
			isa = XCBuildConfiguration;
			buildSettings = {
				ASSETCATALOG_COMPILER_APPICON_NAME = AppIcon;
				ASSETCATALOG_COMPILER_GLOBAL_ACCENT_COLOR_NAME = AccentColor;
				CODE_SIGN_STYLE = Automatic;
				DEVELOPMENT_TEAM = YJQB6Z2VPH;
				INFOPLIST_FILE = AutoLayout_Code/Info.plist;
				LD_RUNPATH_SEARCH_PATHS = (
					"$(inherited)",
					"@executable_path/Frameworks",
				);
				PRODUCT_BUNDLE_IDENTIFIER = "com.sweethoneybee.AutoLayout-Code";
				PRODUCT_NAME = "$(TARGET_NAME)";
				SWIFT_VERSION = 5.0;
				TARGETED_DEVICE_FAMILY = "1,2";
			};
			name = Release;
		};
/* End XCBuildConfiguration section */

/* Begin XCConfigurationList section */
		405FB44A261F2E080021E86D /* Build configuration list for PBXProject "AutoLayout_Code" */ = {
			isa = XCConfigurationList;
			buildConfigurations = (
				405FB461261F2E0A0021E86D /* Debug */,
				405FB462261F2E0A0021E86D /* Release */,
			);
			defaultConfigurationIsVisible = 0;
			defaultConfigurationName = Release;
		};
		405FB463261F2E0A0021E86D /* Build configuration list for PBXNativeTarget "AutoLayout_Code" */ = {
			isa = XCConfigurationList;
			buildConfigurations = (
				405FB464261F2E0A0021E86D /* Debug */,
				405FB465261F2E0A0021E86D /* Release */,
			);
			defaultConfigurationIsVisible = 0;
			defaultConfigurationName = Release;
		};
/* End XCConfigurationList section */
	};
	rootObject = 405FB447261F2E080021E86D /* Project object */;
}
